# This file is automatically generated by fishy.
# It is not intended for manual editing.

version = 1

[[commits]]
entry_hash = "00207bf7779db91f99b1ad43947768aa308b5588d128d252373b356ddf9c38719429"
entry = "00beca15eb81c8d3cacecc70acd933e92b73695e1958bd7af566b679833288f3270001400020b218ed8c1ec161610c5a5a5713d30d6ae36986df83320eeb2b287be14a83a1939638e28fa8cfa271047667056485107bd532265314d1aba9741175df30bb9de6d5e6a5687f72a85084e6adf91754e6f1a5ed616618c4ce62da2a36dc3a5a1907"
operation = "840100781a736368656d615f6669656c645f646566696e6974696f6e5f7631a2646e616d6563696d6764747970657172656c6174696f6e28626c6f625f763129"

[[commits]]
entry_hash = "00203a6a0541720dc3b17ffb9f7fc522a5eccf237f03fb1afbfde21021159ea24092"
entry = "00beca15eb81c8d3cacecc70acd933e92b73695e1958bd7af566b679833288f3270101340020377bc96bc90c8782e0d1948036dc3fa53021f3c988783152903cab53403afe878d6efe02ab262db4c0e4bfb2caa2f3200bbffb6b983c40ddd5219416b810655a22c2d58a4875ce114cd758c208151933e7a4d66cf2ef4184cdddedff9f104d09"
operation = "840100781a736368656d615f6669656c645f646566696e6974696f6e5f7631a2646e616d6565706f735f78647479706563696e74"

[[commits]]
entry_hash = "00207abe5b9d8d711621561447305496a1e759fbff4f71940d3bdf83d9af24a5732a"
entry = "00beca15eb81c8d3cacecc70acd933e92b73695e1958bd7af566b679833288f32702013400208e363c232e59a41a011935b780cce7d37b89aa908f9da0aea88a541d1597ada3063227e4d2b0e6800219d4c4b214f7a380e64563fc74608f68fcc0f6d4bd3b02ebf5fdd4541da5875f990f70815018e2e61e05525b151f62f92c9e6575e15209"
operation = "840100781a736368656d615f6669656c645f646566696e6974696f6e5f7631a2646e616d6565706f735f79647479706563696e74"

[[commits]]
entry_hash = "00207bfc670bfb97dd3d61b37b4ae0c3021f8a2b8f94a8b1235296d25cb85920b3c0"
entry = "00beca15eb81c8d3cacecc70acd933e92b73695e1958bd7af566b679833288f3270301380020be928216bfac0ec773fcf04b58fe5e9605ae65214a9a1334ea0aba5199d475f2e457d9e835b140c1f84a07d149f93e99c61b2ee3b799c3b8c4631f051c3ed5c06725595227abcdbae1003a04a0255ae9718ba78d00b891e30f1da68c68036409"
operation = "840100781a736368656d615f6669656c645f646566696e6974696f6e5f7631a2646e616d656974696d657374616d70647479706563696e74"

[[commits]]
entry_hash = "0020703fd66de3e1aa81bc610db92074721c84bc32fb70599b395a14b741fb1e5efb"
entry = "00beca15eb81c8d3cacecc70acd933e92b73695e1958bd7af566b679833288f3270401f901040020d1a28c2661a873ca82b1837a4ef4c4cf5111ece2bfe9f31b34fb2e1b43c469a4cc49447e5b86ebefb238e0812b3125de0581b918ed7d8b7317c2a773f2a2551d395eb03b56e651480ede3a7d2bd302ad1556cd5e9f19bfffb9ca6c2073ac7304"
operation = "84010074736368656d615f646566696e6974696f6e5f7631a36b6465736372697074696f6e783541207370726974652077686963682063616e20626520706c61636564206f6e206120322064696d656e73696f6e616c20706c616e65666669656c64738481582200207bf7779db91f99b1ad43947768aa308b5588d128d252373b356ddf9c3871942981582200203a6a0541720dc3b17ffb9f7fc522a5eccf237f03fb1afbfde21021159ea2409281582200207abe5b9d8d711621561447305496a1e759fbff4f71940d3bdf83d9af24a5732a81582200207bfc670bfb97dd3d61b37b4ae0c3021f8a2b8f94a8b1235296d25cb85920b3c0646e616d6566737072697465"
