# This file is automatically generated by fishy.
# It is not intended for manual editing.

version = 1

[[commits]]
entry_hash = "002059458ba956bfed87c5b75e6867cb268ca9e60c505d23112ba7f962cd87c7f610"
entry = "00beca15eb81c8d3cacecc70acd933e92b73695e1958bd7af566b679833288f3270001410020c304efebb643c14357762222be61e70f75b6f0a552cf430c87f8c72d74e5308a451852bed2bcfb83bb5a9230aa7c23c2a4f5b8c7088e557a7219768109680ed1d0d334d8bbb6ad8b36ed81e034ea1fb94bf89a030748dbc485ee6f19599d8f01"
operation = "840100781a736368656d615f6669656c645f646566696e6974696f6e5f7631a2646e616d6564626c6f6264747970657172656c6174696f6e28626c6f625f763129"

[[commits]]
entry_hash = "002000bb70d05b6f30a1abe114d82cac257b67675bcf40a03d8f88d2c14644f5459c"
entry = "00beca15eb81c8d3cacecc70acd933e92b73695e1958bd7af566b679833288f32701013a002022994afb85681d52705a2b77a286922848d0cfb9f875226a3213d3dd4fc70ece482758c237a4875d73bd8ff5e319f07c8b1ddfb0b406705b9efbe8f6ae905b35a3efa576e94fe0d6934d26a35ae266a35a87236e002a11adbe91f2339e9e3b0e"
operation = "840100781a736368656d615f6669656c645f646566696e6974696f6e5f7631a2646e616d656b6465736372697074696f6e647479706563737472"

[[commits]]
entry_hash = "002019e9ae14d277f9999b6d02efa8d8a50083c7b47eb98435b48fe36b3dd4c6a1ab"
entry = "00beca15eb81c8d3cacecc70acd933e92b73695e1958bd7af566b679833288f3270201380020be928216bfac0ec773fcf04b58fe5e9605ae65214a9a1334ea0aba5199d475f21eecc9f304998243b9c147a8185969352f029e0869665623853775be2dffc20657a4746d2b31312c2d4acb87d31a2a38e69347bba636fd8a05f97b34cfb6c50c"
operation = "840100781a736368656d615f6669656c645f646566696e6974696f6e5f7631a2646e616d656974696d657374616d70647479706563696e74"

[[commits]]
entry_hash = "002032604325c478c09ef9c60af330928f9e38a801d5941c3e0b87c5e13fe3ca629e"
entry = "00beca15eb81c8d3cacecc70acd933e92b73695e1958bd7af566b679833288f3270301db00204fb30eac0b78e910c2161101374dc3095df7864e2be75fad0af9622ef6bf7cac3c6b14c7e65db49a5a985f9a1ba6497f1185ad2926fa0612f880b1f68aeb56d2f2e571c0a6cbce51e31771a837404c110e949f3c9cf3622d5445365511ccd905"
operation = "84010074736368656d615f646566696e6974696f6e5f7631a36b6465736372697074696f6e782a416e20696d6167652077686963682063616e2062652061737369676e656420746f206120737072697465666669656c647383815822002059458ba956bfed87c5b75e6867cb268ca9e60c505d23112ba7f962cd87c7f610815822002000bb70d05b6f30a1abe114d82cac257b67675bcf40a03d8f88d2c14644f5459c815822002019e9ae14d277f9999b6d02efa8d8a50083c7b47eb98435b48fe36b3dd4c6a1ab646e616d656d7370726974655f696d61676573"

[[commits]]
entry_hash = "00207c7bc36e7196067903f26090d3c5766ff299df24dcd61eaaa2fa9d88d866da79"
entry = "00beca15eb81c8d3cacecc70acd933e92b73695e1958bd7af566b679833288f32704013500209c1b4749c1ff85455740c9106e7902459eed1f8010d9ab3148b47a4f7fdb3aae3af0e58c2904df3238757a78ba38603a690e0269d3b93a348bf7b3b87f7d9c3c40bac26d87e2c95e5a4384fd7e7acd28e82c026849c55d131408154944e9d90c"
operation = "840100781a736368656d615f6669656c645f646566696e6974696f6e5f7631a2646e616d6566636f6c6f7572647479706563737472"

[[commits]]
entry_hash = "00208285315ee8c4ac01940688e65ec2896766a3dd5a361328804ba3208a09cf7d4e"
entry = "00beca15eb81c8d3cacecc70acd933e92b73695e1958bd7af566b679833288f32705018c0020a882eb0dde3b416564234b4caacbd7b63b49302a624ac440d54c2e48f254d71289e586b3fef4ea477eebfe19fdcd984748ea47d29d81bd8b6f449f8790ba3662f55870cf99548ef625dd89d2a33507ce1c7c098a18b7c298f2fb8cb12f188400"
operation = "840100781a736368656d615f6669656c645f646566696e6974696f6e5f7631a2646e616d6563696d676474797065785c72656c6174696f6e287370726974655f696d616765735f303032303332363034333235633437386330396566396336306166333330393238663965333861383031643539343163336530623837633565313366653363613632396529"

[[commits]]
entry_hash = "00204d6bb46ab12ce2078da2ae9aaa135b90244b0de9655448f597d4101a1f6cb713"
entry = "00beca15eb81c8d3cacecc70acd933e92b73695e1958bd7af566b679833288f3270601340020377bc96bc90c8782e0d1948036dc3fa53021f3c988783152903cab53403afe8776019c54590775586486f6ae4939f82edba7f4fbf1130731bc2be59135aedc3e5bea6aab47cc768bd0852736f2f5bf29ed67e172881656bd8bdacdb4aa4af602"
operation = "840100781a736368656d615f6669656c645f646566696e6974696f6e5f7631a2646e616d6565706f735f78647479706563696e74"

[[commits]]
entry_hash = "0020a81096afe632d8ec01101d29278f225c03ff18fba28d4085ad83ab44013bec8e"
entry = "00beca15eb81c8d3cacecc70acd933e92b73695e1958bd7af566b679833288f32707013400208e363c232e59a41a011935b780cce7d37b89aa908f9da0aea88a541d1597ada36f494bfc1a8105f49e8b015633072c0730e4a37c87c760339a0a7ab10ec6388b0b26985646fae867dcfc4b439ca90b562237d844dc4e69117d0e3a4a337da00f"
operation = "840100781a736368656d615f6669656c645f646566696e6974696f6e5f7631a2646e616d6565706f735f79647479706563696e74"

[[commits]]
entry_hash = "0020ef02242b1f7d0bcb21e14407a8880211defca890414693cd76e245eaef524b18"
entry = "00beca15eb81c8d3cacecc70acd933e92b73695e1958bd7af566b679833288f3270801380020be928216bfac0ec773fcf04b58fe5e9605ae65214a9a1334ea0aba5199d475f27415ea958cc18694aec90f2a9c0319e71dce47993cc0e3a28e75445189d773f67146af16349c8b16bc4b7b6efc788f8d68619d676aee602186c5c5ed5867f008"
operation = "840100781a736368656d615f6669656c645f646566696e6974696f6e5f7631a2646e616d656974696d657374616d70647479706563696e74"

[[commits]]
entry_hash = "0020d542c271bf3b5fb8d419584219c8120946cd783a8e48398f831f958ba5ede995"
entry = "00beca15eb81c8d3cacecc70acd933e92b73695e1958bd7af566b679833288f3270901f9012a00202f2efbc046f047d040460a847c409d2be4a9ac0105e06b098f91fdde9f048d33a4a909dd1130a45c9c29b6a30d920efe14036375353ec9b1ce1ad37056b72afb546024a1cffd528712e44edade270546ca1323e295f4bffb4a3d818cb6385e0d"
operation = "84010074736368656d615f646566696e6974696f6e5f7631a36b6465736372697074696f6e783541207370726974652077686963682063616e20626520706c61636564206f6e206120322064696d656e73696f6e616c20706c616e65666669656c64738581582200207c7bc36e7196067903f26090d3c5766ff299df24dcd61eaaa2fa9d88d866da7981582200208285315ee8c4ac01940688e65ec2896766a3dd5a361328804ba3208a09cf7d4e81582200204d6bb46ab12ce2078da2ae9aaa135b90244b0de9655448f597d4101a1f6cb7138158220020a81096afe632d8ec01101d29278f225c03ff18fba28d4085ad83ab44013bec8e8158220020ef02242b1f7d0bcb21e14407a8880211defca890414693cd76e245eaef524b18646e616d656773707269746573"
